{
  "requires": true,
  "lockfileVersion": 1,
  "dependencies": {
    "eslint-config-prettier": {
      "version": "3.0.1",
      "resolved": "https://registry.npmjs.org/eslint-config-prettier/-/eslint-config-prettier-3.0.1.tgz",
      "integrity": "sha512-vA0TB8HCx/idHXfKHYcg9J98p0Q8nkfNwNAoP7e+ywUidn6ScaFS5iqncZAHPz+/a0A/tp657ulFHFx/2JDP4Q==",
      "dev": true,
      "requires": {
        "get-stdin": "6.0.0"
      }
    },
    "eslint-plugin-prettier": {
      "version": "2.6.2",
      "resolved": "https://registry.npmjs.org/eslint-plugin-prettier/-/eslint-plugin-prettier-2.6.2.tgz",
      "integrity": "sha512-tGek5clmW5swrAx1mdPYM8oThrBE83ePh7LeseZHBWfHVGrHPhKn7Y5zgRMbU/9D5Td9K4CEmUPjGxA7iw98Og==",
      "dev": true,
      "requires": {
        "fast-diff": "1.1.2",
        "jest-docblock": "21.2.0"
      }
    },
    "fast-diff": {
      "version": "1.1.2",
      "resolved": "https://registry.npmjs.org/fast-diff/-/fast-diff-1.1.2.tgz",
      "integrity": "sha512-KaJUt+M9t1qaIteSvjc6P3RbMdXsNhK61GRftR6SNxqmhthcd9MGIi4T+o0jD8LUSpSnSKXE20nLtJ3fOHxQig==",
      "dev": true
    },
    "get-stdin": {
      "version": "6.0.0",
      "resolved": "https://registry.npmjs.org/get-stdin/-/get-stdin-6.0.0.tgz",
      "integrity": "sha512-jp4tHawyV7+fkkSKyvjuLZswblUtz+SQKzSWnBbii16BuZksJlU1wuBYXY75r+duh/llF1ur6oNwi+2ZzjKZ7g==",
      "dev": true
    },
    "jest-docblock": {
      "version": "21.2.0",
      "resolved": "https://registry.npmjs.org/jest-docblock/-/jest-docblock-21.2.0.tgz",
      "integrity": "sha512-5IZ7sY9dBAYSV+YjQ0Ovb540Ku7AO9Z5o2Cg789xj167iQuZ2cG+z0f3Uct6WeYLbU6aQiM2pCs7sZ+4dotydw==",
      "dev": true
    },
    "prettier": {
      "version": "1.14.2",
      "resolved": "https://registry.npmjs.org/prettier/-/prettier-1.14.2.tgz",
      "integrity": "sha512-McHPg0n1pIke+A/4VcaS2en+pTNjy4xF+Uuq86u/5dyDO59/TtFZtQ708QIRkEZ3qwKz3GVkVa6mpxK/CpB8Rg==",
      "dev": true
    }
  }
}
