{
  "requires": true,
  "lockfileVersion": 1,
  "dependencies": {
    "moment": {
      "version": "2.22.2",
      "resolved": "https://registry.npmjs.org/moment/-/moment-2.22.2.tgz",
      "integrity": "sha1-PCV/mDn8DpP/UxSWMiOeuQeD/2Y="
    },
    "react-moment": {
      "version": "0.7.9",
      "resolved": "https://registry.npmjs.org/react-moment/-/react-moment-0.7.9.tgz",
      "integrity": "sha512-JpHQgpB+p3oqZv583xlJakPXgqdIjGBZvngHYcFhlYxTYs0NDZSdoM1FCpU9T2QmqKOEFBVuhhJBMvJzTkF/wQ=="
    }
  }
}
