# THIS IS AN AUTOGENERATED FILE. DO NOT EDIT THIS FILE DIRECTLY.
# yarn lockfile v1


fuse.js@^3.2.1:
  version "3.2.1"
  resolved "https://registry.yarnpkg.com/fuse.js/-/fuse.js-3.2.1.tgz#6320cb94ce56ec9755c89ade775bcdbb0358d425"

moment@^2.22.2:
  version "2.22.2"
  resolved "https://registry.yarnpkg.com/moment/-/moment-2.22.2.tgz#3c257f9839fc0e93ff53149632239eb90783ff66"
