# THIS IS AN AUTOGENERATED FILE. DO NOT EDIT THIS FILE DIRECTLY.
# yarn lockfile v1


"@babel/runtime@^7.1.2", "@babel/runtime@^7.2.0":
  version "7.2.0"
  resolved "https://registry.yarnpkg.com/@babel/runtime/-/runtime-7.2.0.tgz#b03e42eeddf5898e00646e4c840fa07ba8dcad7f"
  integrity sha512-oouEibCbHMVdZSDlJBO6bZmID/zA/G/Qx3H1d3rSNPTD+L8UNKvCat7aKWSJ74zYbm5zWGh0GQN0hKj8zYFTCg==
  dependencies:
    regenerator-runtime "^0.12.0"

classnames@^2.2.3:
  version "2.2.6"
  resolved "https://registry.yarnpkg.com/classnames/-/classnames-2.2.6.tgz#43935bffdd291f326dad0a205309b38d00f650ce"
  integrity sha512-JR/iSQOSt+LQIWwrwEzJ9uk0xfN3mTVYMwt1Ir5mUcSN6pU+V4zQFFaJsclJbPuAUQH+yfWef6tm7l1quW3C8Q==

dom-helpers@^3.3.1:
  version "3.4.0"
  resolved "https://registry.yarnpkg.com/dom-helpers/-/dom-helpers-3.4.0.tgz#e9b369700f959f62ecde5a6babde4bccd9169af8"
  integrity sha512-LnuPJ+dwqKDIyotW1VzmOZ5TONUN7CwkCR5hrgawTUbkBGYdeoNLZo6nNfGkCrjtE1nXXaj7iMMpDa8/d9WoIA==
  dependencies:
    "@babel/runtime" "^7.1.2"

"js-tokens@^3.0.0 || ^4.0.0":
  version "4.0.0"
  resolved "https://registry.yarnpkg.com/js-tokens/-/js-tokens-4.0.0.tgz#19203fb59991df98e3a287050d4647cdeaf32499"
  integrity sha512-RdJUflcE3cUzKiMqQgsCu06FPu9UdIJO0beYbPhHN4k6apgJtifcoCtT9bcxOpYBtpD2kCM6Sbzg4CausW/PKQ==

lodash.isfunction@^3.0.9:
  version "3.0.9"
  resolved "https://registry.yarnpkg.com/lodash.isfunction/-/lodash.isfunction-3.0.9.tgz#06de25df4db327ac931981d1bdb067e5af68d051"
  integrity sha512-AirXNj15uRIMMPihnkInB4i3NHeb4iBtNg9WRWuK2o31S+ePwwNmDPaTL3o7dTJ+VXNZim7rFs4rxN4YU1oUJw==

lodash.isobject@^3.0.2:
  version "3.0.2"
  resolved "https://registry.yarnpkg.com/lodash.isobject/-/lodash.isobject-3.0.2.tgz#3c8fb8d5b5bf4bf90ae06e14f2a530a4ed935e1d"
  integrity sha1-PI+41bW/S/kK4G4U8qUwpO2TXh0=

lodash.tonumber@^4.0.3:
  version "4.0.3"
  resolved "https://registry.yarnpkg.com/lodash.tonumber/-/lodash.tonumber-4.0.3.tgz#0b96b31b35672793eb7f5a63ee791f1b9e9025d9"
  integrity sha1-C5azGzVnJ5Prf1pj7nkfG56QJdk=

loose-envify@^1.3.1, loose-envify@^1.4.0:
  version "1.4.0"
  resolved "https://registry.yarnpkg.com/loose-envify/-/loose-envify-1.4.0.tgz#71ee51fa7be4caec1a63839f7e682d8132d30caf"
  integrity sha512-lyuxPGr/Wfhrlem2CL/UcnUc1zcqKAImBDzukY7Y5F/yQiNdko6+fRLevlw1HgMySw7f611UIY408EtxRSoK3Q==
  dependencies:
    js-tokens "^3.0.0 || ^4.0.0"

object-assign@^4.1.1:
  version "4.1.1"
  resolved "https://registry.yarnpkg.com/object-assign/-/object-assign-4.1.1.tgz#2109adc7965887cfc05cbbd442cac8bfbb360863"
  integrity sha1-IQmtx5ZYh8/AXLvUQsrIv7s2CGM=

popper.js@^1.14.1:
  version "1.14.6"
  resolved "https://registry.yarnpkg.com/popper.js/-/popper.js-1.14.6.tgz#ab20dd4edf9288b8b3b6531c47c361107b60b4b0"
  integrity sha512-AGwHGQBKumlk/MDfrSOf0JHhJCImdDMcGNoqKmKkU+68GFazv3CQ6q9r7Ja1sKDZmYWTckY/uLyEznheTDycnA==

prop-types@^15.5.8, prop-types@^15.6.1, prop-types@^15.6.2:
  version "15.6.2"
  resolved "https://registry.yarnpkg.com/prop-types/-/prop-types-15.6.2.tgz#05d5ca77b4453e985d60fc7ff8c859094a497102"
  integrity sha512-3pboPvLiWD7dkI3qf3KbUe6hKFKa52w+AE0VCqECtf+QHAKgOL37tTaNCnuX1nAAQ4ZhyP+kYVKf8rLmJ/feDQ==
  dependencies:
    loose-envify "^1.3.1"
    object-assign "^4.1.1"

react-lifecycles-compat@^3.0.4:
  version "3.0.4"
  resolved "https://registry.yarnpkg.com/react-lifecycles-compat/-/react-lifecycles-compat-3.0.4.tgz#4f1a273afdfc8f3488a8c516bfda78f872352362"
  integrity sha512-fBASbA6LnOU9dOU2eW7aQ8xmYBSXUIWr+UmF9b1efZBazGNO+rcXT/icdKnYm2pTwcRylVUYwW7H1PHfLekVzA==

react-popper@^0.10.4:
  version "0.10.4"
  resolved "https://registry.yarnpkg.com/react-popper/-/react-popper-0.10.4.tgz#af2a415ea22291edd504678d7afda8a6ee3295aa"
  integrity sha1-rypBXqIike3VBGeNev2opu4ylao=
  dependencies:
    popper.js "^1.14.1"
    prop-types "^15.6.1"

react-transition-group@^2.3.1:
  version "2.5.2"
  resolved "https://registry.yarnpkg.com/react-transition-group/-/react-transition-group-2.5.2.tgz#9457166a9ba6ce697a3e1b076b3c049b9fb2c408"
  integrity sha512-vwHP++S+f6KL7rg8V1mfs62+MBKtbMeZDR8KiNmD7v98Gs3UPGsDZDahPJH2PVprFW5YHJfh6cbNim3zPndaSQ==
  dependencies:
    dom-helpers "^3.3.1"
    loose-envify "^1.4.0"
    prop-types "^15.6.2"
    react-lifecycles-compat "^3.0.4"

reactstrap@^7.0.2:
  version "7.0.2"
  resolved "https://registry.yarnpkg.com/reactstrap/-/reactstrap-7.0.2.tgz#c390224913f11c7ccbd98f56f3d850ce50bda9a9"
  integrity sha512-VVa/1tqCiKa63YPwAIWrn4za806TVva/GEx7yP/2U+xmq1iKIzGo0UHmFL/6XpZKqx/ZzP/olkTorP/2o/2pTg==
  dependencies:
    "@babel/runtime" "^7.2.0"
    classnames "^2.2.3"
    lodash.isfunction "^3.0.9"
    lodash.isobject "^3.0.2"
    lodash.tonumber "^4.0.3"
    prop-types "^15.5.8"
    react-lifecycles-compat "^3.0.4"
    react-popper "^0.10.4"
    react-transition-group "^2.3.1"

regenerator-runtime@^0.12.0:
  version "0.12.1"
  resolved "https://registry.yarnpkg.com/regenerator-runtime/-/regenerator-runtime-0.12.1.tgz#fa1a71544764c036f8c49b13a08b2594c9f8a0de"
  integrity sha512-odxIc1/vDlo4iZcfXqRYFj0vpXFNoGdKMAUieAlFYO6m/nl5e9KR/beGf41z4a1FI+aQgtjhuaSlDxQ0hmkrHg==
