{
  "name": "instagram",
  "version": "0.1.0",
  "lockfileVersion": 1,
  "requires": true,
  "dependencies": {
    "@sinonjs/formatio": {
      "version": "2.0.0",
      "resolved": "https://registry.npmjs.org/@sinonjs/formatio/-/formatio-2.0.0.tgz",
      "integrity": "sha512-ls6CAMA6/5gG+O/IdsBcblvnd8qcO/l1TYoNeAzp3wcISOxlPXQEus0mLcdwazEkWjaBdaJ3TaxmNgCLWwvWzg==",
      "dev": true,
      "requires": {
        "samsam": "1.3.0"
      }
    },
    "@types/node": {
      "version": "9.4.6",
      "resolved": "https://registry.npmjs.org/@types/node/-/node-9.4.6.tgz",
      "integrity": "sha512-CTUtLb6WqCCgp6P59QintjHWqzf4VL1uPA27bipLAPxFqrtK1gEYllePzTICGqQ8rYsCbpnsNypXjjDzGAAjEQ==",
      "dev": true
    },
    "asap": {
      "version": "2.0.6",
      "resolved": "https://registry.npmjs.org/asap/-/asap-2.0.6.tgz",
      "integrity": "sha1-5QNHYR1+aQlDIIu9r+vLwvuGbUY="
    },
    "babel-runtime": {
      "version": "6.26.0",
      "resolved": "https://registry.npmjs.org/babel-runtime/-/babel-runtime-6.26.0.tgz",
      "integrity": "sha1-llxwWGaOgrVde/4E/yM3vItWR/4=",
      "requires": {
        "core-js": "2.5.3",
        "regenerator-runtime": "0.11.1"
      },
      "dependencies": {
        "core-js": {
          "version": "2.5.3",
          "resolved": "https://registry.npmjs.org/core-js/-/core-js-2.5.3.tgz",
          "integrity": "sha1-isw4NFgk8W2DZbfJtCWRaOjtYD4="
        }
      }
    },
    "boolbase": {
      "version": "1.0.0",
      "resolved": "https://registry.npmjs.org/boolbase/-/boolbase-1.0.0.tgz",
      "integrity": "sha1-aN/1++YMUes3cl6p4+0xDcwed24=",
      "dev": true
    },
    "chain-function": {
      "version": "1.0.0",
      "resolved": "https://registry.npmjs.org/chain-function/-/chain-function-1.0.0.tgz",
      "integrity": "sha1-DUqzfn4Y6tC9xHuSB2QRjOWHM9w="
    },
    "cheerio": {
      "version": "1.0.0-rc.2",
      "resolved": "https://registry.npmjs.org/cheerio/-/cheerio-1.0.0-rc.2.tgz",
      "integrity": "sha1-S59TqBsn5NXawxwP/Qz6A8xoMNs=",
      "dev": true,
      "requires": {
        "css-select": "1.2.0",
        "dom-serializer": "0.1.0",
        "entities": "1.1.1",
        "htmlparser2": "3.9.2",
        "lodash": "4.17.5",
        "parse5": "3.0.3"
      }
    },
    "classnames": {
      "version": "2.2.5",
      "resolved": "https://registry.npmjs.org/classnames/-/classnames-2.2.5.tgz",
      "integrity": "sha1-+zgB1FNGdknvNgPH1hoCvRKb3m0="
    },
    "colors": {
      "version": "0.5.1",
      "resolved": "https://registry.npmjs.org/colors/-/colors-0.5.1.tgz",
      "integrity": "sha1-fQAj6usVTo7p/Oddy5I9DtFmd3Q=",
      "dev": true
    },
    "core-js": {
      "version": "1.2.7",
      "resolved": "https://registry.npmjs.org/core-js/-/core-js-1.2.7.tgz",
      "integrity": "sha1-ZSKUwUZR2yj6k70tX/KYOk8IxjY="
    },
    "core-util-is": {
      "version": "1.0.2",
      "resolved": "https://registry.npmjs.org/core-util-is/-/core-util-is-1.0.2.tgz",
      "integrity": "sha1-tf1UIgqivFq1eqtxQMlAdUUDwac=",
      "dev": true
    },
    "css-select": {
      "version": "1.2.0",
      "resolved": "https://registry.npmjs.org/css-select/-/css-select-1.2.0.tgz",
      "integrity": "sha1-KzoRBTnFNV8c2NMUYj6HCxIeyFg=",
      "dev": true,
      "requires": {
        "boolbase": "1.0.0",
        "css-what": "2.1.0",
        "domutils": "1.5.1",
        "nth-check": "1.0.1"
      }
    },
    "css-what": {
      "version": "2.1.0",
      "resolved": "https://registry.npmjs.org/css-what/-/css-what-2.1.0.tgz",
      "integrity": "sha1-lGfQMsOM+u+58teVASUwYvh/ob0=",
      "dev": true
    },
    "define-properties": {
      "version": "1.1.2",
      "resolved": "https://registry.npmjs.org/define-properties/-/define-properties-1.1.2.tgz",
      "integrity": "sha1-g6c/L+pWmJj7c3GTyPhzyvbUXJQ=",
      "dev": true,
      "requires": {
        "foreach": "2.0.5",
        "object-keys": "1.0.11"
      }
    },
    "diff": {
      "version": "3.5.0",
      "resolved": "https://registry.npmjs.org/diff/-/diff-3.5.0.tgz",
      "integrity": "sha512-A46qtFgd+g7pDZinpnwiRJtxbC1hpgf0uzP3iG89scHk0AUC7A1TGxf5OiiOUv/JMZR8GOt8hL900hV0bOy5xA==",
      "dev": true
    },
    "discontinuous-range": {
      "version": "1.0.0",
      "resolved": "https://registry.npmjs.org/discontinuous-range/-/discontinuous-range-1.0.0.tgz",
      "integrity": "sha1-44Mx8IRLukm5qctxx3FYWqsbxlo=",
      "dev": true
    },
    "dom-helpers": {
      "version": "3.3.1",
      "resolved": "https://registry.npmjs.org/dom-helpers/-/dom-helpers-3.3.1.tgz",
      "integrity": "sha512-2Sm+JaYn74OiTM2wHvxJOo3roiq/h25Yi69Fqk269cNUwIXsCvATB6CRSFC9Am/20G2b28hGv/+7NiWydIrPvg=="
    },
    "dom-serializer": {
      "version": "0.1.0",
      "resolved": "https://registry.npmjs.org/dom-serializer/-/dom-serializer-0.1.0.tgz",
      "integrity": "sha1-BzxpdUbOB4DOI75KKOKT5AvDDII=",
      "dev": true,
      "requires": {
        "domelementtype": "1.1.3",
        "entities": "1.1.1"
      },
      "dependencies": {
        "domelementtype": {
          "version": "1.1.3",
          "resolved": "https://registry.npmjs.org/domelementtype/-/domelementtype-1.1.3.tgz",
          "integrity": "sha1-vSh3PiZCiBrsUVRJJCmcXNgiGFs=",
          "dev": true
        }
      }
    },
    "domelementtype": {
      "version": "1.3.0",
      "resolved": "https://registry.npmjs.org/domelementtype/-/domelementtype-1.3.0.tgz",
      "integrity": "sha1-sXrtguirWeUt2cGbF1bg/BhyBMI=",
      "dev": true
    },
    "domhandler": {
      "version": "2.4.1",
      "resolved": "https://registry.npmjs.org/domhandler/-/domhandler-2.4.1.tgz",
      "integrity": "sha1-iS5HAAqZvlW783dP/qBWHYh5wlk=",
      "dev": true,
      "requires": {
        "domelementtype": "1.3.0"
      }
    },
    "domutils": {
      "version": "1.5.1",
      "resolved": "https://registry.npmjs.org/domutils/-/domutils-1.5.1.tgz",
      "integrity": "sha1-3NhIiib1Y9YQeeSMn3t+Mjc2gs8=",
      "dev": true,
      "requires": {
        "dom-serializer": "0.1.0",
        "domelementtype": "1.3.0"
      }
    },
    "encoding": {
      "version": "0.1.12",
      "resolved": "https://registry.npmjs.org/encoding/-/encoding-0.1.12.tgz",
      "integrity": "sha1-U4tm8+5izRq1HsMjgp0flIDHS+s=",
      "requires": {
        "iconv-lite": "0.4.19"
      }
    },
    "entities": {
      "version": "1.1.1",
      "resolved": "https://registry.npmjs.org/entities/-/entities-1.1.1.tgz",
      "integrity": "sha1-blwtClYhtdra7O+AuQ7ftc13cvA=",
      "dev": true
    },
    "enzyme": {
      "version": "3.3.0",
      "resolved": "https://registry.npmjs.org/enzyme/-/enzyme-3.3.0.tgz",
      "integrity": "sha512-l8csyPyLmtxskTz6pX9W8eDOyH1ckEtDttXk/vlFWCjv00SkjTjtoUrogqp4yEvMyneU9dUJoOLnqFoiHb8IHA==",
      "dev": true,
      "requires": {
        "cheerio": "1.0.0-rc.2",
        "function.prototype.name": "1.1.0",
        "has": "1.0.1",
        "is-boolean-object": "1.0.0",
        "is-callable": "1.1.3",
        "is-number-object": "1.0.3",
        "is-string": "1.0.4",
        "is-subset": "0.1.1",
        "lodash": "4.17.5",
        "object-inspect": "1.5.0",
        "object-is": "1.0.1",
        "object.assign": "4.1.0",
        "object.entries": "1.0.4",
        "object.values": "1.0.4",
        "raf": "3.4.0",
        "rst-selector-parser": "2.2.3"
      }
    },
    "enzyme-adapter-react-16": {
      "version": "1.1.1",
      "resolved": "https://registry.npmjs.org/enzyme-adapter-react-16/-/enzyme-adapter-react-16-1.1.1.tgz",
      "integrity": "sha512-kC8pAtU2Jk3OJ0EG8Y2813dg9Ol0TXi7UNxHzHiWs30Jo/hj7alc//G1YpKUsPP1oKl9X+Lkx+WlGJpPYA+nvw==",
      "dev": true,
      "requires": {
        "enzyme-adapter-utils": "1.3.0",
        "lodash": "4.17.5",
        "object.assign": "4.1.0",
        "object.values": "1.0.4",
        "prop-types": "15.6.1",
        "react-reconciler": "0.7.0",
        "react-test-renderer": "16.2.0"
      }
    },
    "enzyme-adapter-utils": {
      "version": "1.3.0",
      "resolved": "https://registry.npmjs.org/enzyme-adapter-utils/-/enzyme-adapter-utils-1.3.0.tgz",
      "integrity": "sha512-vVXSt6uDv230DIv+ebCG66T1Pm36Kv+m74L1TrF4kaE7e1V7Q/LcxO0QRkajk5cA6R3uu9wJf5h13wOTezTbjA==",
      "dev": true,
      "requires": {
        "lodash": "4.17.5",
        "object.assign": "4.1.0",
        "prop-types": "15.6.1"
      }
    },
    "es-abstract": {
      "version": "1.10.0",
      "resolved": "https://registry.npmjs.org/es-abstract/-/es-abstract-1.10.0.tgz",
      "integrity": "sha512-/uh/DhdqIOSkAWifU+8nG78vlQxdLckUdI/sPgy0VhuXi2qJ7T8czBmqIYtLQVpCIFYafChnsRsB5pyb1JdmCQ==",
      "dev": true,
      "requires": {
        "es-to-primitive": "1.1.1",
        "function-bind": "1.1.1",
        "has": "1.0.1",
        "is-callable": "1.1.3",
        "is-regex": "1.0.4"
      }
    },
    "es-to-primitive": {
      "version": "1.1.1",
      "resolved": "https://registry.npmjs.org/es-to-primitive/-/es-to-primitive-1.1.1.tgz",
      "integrity": "sha1-RTVSSKiJeQNLZ5Lhm7gfK3l13Q0=",
      "dev": true,
      "requires": {
        "is-callable": "1.1.3",
        "is-date-object": "1.0.1",
        "is-symbol": "1.0.1"
      }
    },
    "fbjs": {
      "version": "0.8.16",
      "resolved": "https://registry.npmjs.org/fbjs/-/fbjs-0.8.16.tgz",
      "integrity": "sha1-XmdDL1UNxBtXK/VYR7ispk5TN9s=",
      "requires": {
        "core-js": "1.2.7",
        "isomorphic-fetch": "2.2.1",
        "loose-envify": "1.3.1",
        "object-assign": "4.1.1",
        "promise": "7.3.1",
        "setimmediate": "1.0.5",
        "ua-parser-js": "0.7.17"
      }
    },
    "foreach": {
      "version": "2.0.5",
      "resolved": "https://registry.npmjs.org/foreach/-/foreach-2.0.5.tgz",
      "integrity": "sha1-C+4AUBiusmDQo6865ljdATbsG5k=",
      "dev": true
    },
    "function-bind": {
      "version": "1.1.1",
      "resolved": "https://registry.npmjs.org/function-bind/-/function-bind-1.1.1.tgz",
      "integrity": "sha512-yIovAzMX49sF8Yl58fSCWJ5svSLuaibPxXQJFLmBObTuCr0Mf1KiPopGM9NiFjiYBCbfaa2Fh6breQ6ANVTI0A==",
      "dev": true
    },
    "function.prototype.name": {
      "version": "1.1.0",
      "resolved": "https://registry.npmjs.org/function.prototype.name/-/function.prototype.name-1.1.0.tgz",
      "integrity": "sha512-Bs0VRrTz4ghD8pTmbJQD1mZ8A/mN0ur/jGz+A6FBxPDUPkm1tNfF6bhTYPA7i7aF4lZJVr+OXTNNrnnIl58Wfg==",
      "dev": true,
      "requires": {
        "define-properties": "1.1.2",
        "function-bind": "1.1.1",
        "is-callable": "1.1.3"
      }
    },
    "has": {
      "version": "1.0.1",
      "resolved": "https://registry.npmjs.org/has/-/has-1.0.1.tgz",
      "integrity": "sha1-hGFzP1OLCDfJNh45qauelwTcLyg=",
      "dev": true,
      "requires": {
        "function-bind": "1.1.1"
      }
    },
    "has-flag": {
      "version": "3.0.0",
      "resolved": "https://registry.npmjs.org/has-flag/-/has-flag-3.0.0.tgz",
      "integrity": "sha1-tdRU3CGZriJWmfNGfloH87lVuv0=",
      "dev": true
    },
    "has-symbols": {
      "version": "1.0.0",
      "resolved": "https://registry.npmjs.org/has-symbols/-/has-symbols-1.0.0.tgz",
      "integrity": "sha1-uhqPGvKg/DllD1yFA2dwQSIGO0Q=",
      "dev": true
    },
    "htmlparser2": {
      "version": "3.9.2",
      "resolved": "https://registry.npmjs.org/htmlparser2/-/htmlparser2-3.9.2.tgz",
      "integrity": "sha1-G9+HrMoPP55T+k/M6w9LTLsAszg=",
      "dev": true,
      "requires": {
        "domelementtype": "1.3.0",
        "domhandler": "2.4.1",
        "domutils": "1.5.1",
        "entities": "1.1.1",
        "inherits": "2.0.3",
        "readable-stream": "2.3.5"
      }
    },
    "iconv-lite": {
      "version": "0.4.19",
      "resolved": "https://registry.npmjs.org/iconv-lite/-/iconv-lite-0.4.19.tgz",
      "integrity": "sha512-oTZqweIP51xaGPI4uPa56/Pri/480R+mo7SeU+YETByQNhDG55ycFyNLIgta9vXhILrxXDmF7ZGhqZIcuN0gJQ=="
    },
    "inherits": {
      "version": "2.0.3",
      "resolved": "https://registry.npmjs.org/inherits/-/inherits-2.0.3.tgz",
      "integrity": "sha1-Yzwsg+PaQqUC9SRmAiSA9CCCYd4=",
      "dev": true
    },
    "invariant": {
      "version": "2.2.3",
      "resolved": "https://registry.npmjs.org/invariant/-/invariant-2.2.3.tgz",
      "integrity": "sha512-7Z5PPegwDTyjbaeCnV0efcyS6vdKAU51kpEmS7QFib3P4822l8ICYyMn7qvJnc+WzLoDsuI9gPMKbJ8pCu8XtA==",
      "requires": {
        "loose-envify": "1.3.1"
      }
    },
    "is-boolean-object": {
      "version": "1.0.0",
      "resolved": "https://registry.npmjs.org/is-boolean-object/-/is-boolean-object-1.0.0.tgz",
      "integrity": "sha1-mPiygDBoQhmpXzdc+9iM40Bd/5M=",
      "dev": true
    },
    "is-callable": {
      "version": "1.1.3",
      "resolved": "https://registry.npmjs.org/is-callable/-/is-callable-1.1.3.tgz",
      "integrity": "sha1-hut1OSgF3cM69xySoO7fdO52BLI=",
      "dev": true
    },
    "is-date-object": {
      "version": "1.0.1",
      "resolved": "https://registry.npmjs.org/is-date-object/-/is-date-object-1.0.1.tgz",
      "integrity": "sha1-mqIOtq7rv/d/vTPnTKAbM1gdOhY=",
      "dev": true
    },
    "is-number-object": {
      "version": "1.0.3",
      "resolved": "https://registry.npmjs.org/is-number-object/-/is-number-object-1.0.3.tgz",
      "integrity": "sha1-8mWrian0RQNO9q/xWo8AsA9VF5k=",
      "dev": true
    },
    "is-regex": {
      "version": "1.0.4",
      "resolved": "https://registry.npmjs.org/is-regex/-/is-regex-1.0.4.tgz",
      "integrity": "sha1-VRdIm1RwkbCTDglWVM7SXul+lJE=",
      "dev": true,
      "requires": {
        "has": "1.0.1"
      }
    },
    "is-stream": {
      "version": "1.1.0",
      "resolved": "https://registry.npmjs.org/is-stream/-/is-stream-1.1.0.tgz",
      "integrity": "sha1-EtSj3U5o4Lec6428hBc66A2RykQ="
    },
    "is-string": {
      "version": "1.0.4",
      "resolved": "https://registry.npmjs.org/is-string/-/is-string-1.0.4.tgz",
      "integrity": "sha1-zDqbaYV9Yh6WNyWiTK7shzuCbmQ=",
      "dev": true
    },
    "is-subset": {
      "version": "0.1.1",
      "resolved": "https://registry.npmjs.org/is-subset/-/is-subset-0.1.1.tgz",
      "integrity": "sha1-ilkRfZMt4d4A8kX83TnOQ/HpOaY=",
      "dev": true
    },
    "is-symbol": {
      "version": "1.0.1",
      "resolved": "https://registry.npmjs.org/is-symbol/-/is-symbol-1.0.1.tgz",
      "integrity": "sha1-PMWfAAJRlLarLjjbrmaJJWtmBXI=",
      "dev": true
    },
    "isarray": {
      "version": "1.0.0",
      "resolved": "https://registry.npmjs.org/isarray/-/isarray-1.0.0.tgz",
      "integrity": "sha1-u5NdSFgsuhaMBoNJV6VKPgcSTxE=",
      "dev": true
    },
    "isomorphic-fetch": {
      "version": "2.2.1",
      "resolved": "https://registry.npmjs.org/isomorphic-fetch/-/isomorphic-fetch-2.2.1.tgz",
      "integrity": "sha1-YRrhrPFPXoH3KVB0coGf6XM1WKk=",
      "requires": {
        "node-fetch": "1.7.3",
        "whatwg-fetch": "2.0.3"
      }
    },
    "js-tokens": {
      "version": "3.0.2",
      "resolved": "https://registry.npmjs.org/js-tokens/-/js-tokens-3.0.2.tgz",
      "integrity": "sha1-mGbfOVECEw449/mWvOtlRDIJwls="
    },
    "just-extend": {
      "version": "1.1.27",
      "resolved": "https://registry.npmjs.org/just-extend/-/just-extend-1.1.27.tgz",
      "integrity": "sha512-mJVp13Ix6gFo3SBAy9U/kL+oeZqzlYYYLQBwXVBlVzIsZwBqGREnOro24oC/8s8aox+rJhtZ2DiQof++IrkA+g==",
      "dev": true
    },
    "keycode": {
      "version": "2.1.9",
      "resolved": "https://registry.npmjs.org/keycode/-/keycode-2.1.9.tgz",
      "integrity": "sha1-lkojxU5IiUBbSGGlyfBIDUUUHfo="
    },
    "lodash": {
      "version": "4.17.5",
      "resolved": "https://registry.npmjs.org/lodash/-/lodash-4.17.5.tgz",
      "integrity": "sha512-svL3uiZf1RwhH+cWrfZn3A4+U58wbP0tGVTLQPbjplZxZ8ROD9VLuNgsRniTlLe7OlSqR79RUehXgpBW/s0IQw==",
      "dev": true
    },
    "lodash.flattendeep": {
      "version": "4.4.0",
      "resolved": "https://registry.npmjs.org/lodash.flattendeep/-/lodash.flattendeep-4.4.0.tgz",
      "integrity": "sha1-+wMJF/hqMTTlvJvsDWngAT3f7bI=",
      "dev": true
    },
    "lodash.get": {
      "version": "4.4.2",
      "resolved": "https://registry.npmjs.org/lodash.get/-/lodash.get-4.4.2.tgz",
      "integrity": "sha1-LRd/ZS+jHpObRDjVNBSZ36OCXpk=",
      "dev": true
    },
    "lolex": {
      "version": "2.3.2",
      "resolved": "https://registry.npmjs.org/lolex/-/lolex-2.3.2.tgz",
      "integrity": "sha512-A5pN2tkFj7H0dGIAM6MFvHKMJcPnjZsOMvR7ujCjfgW5TbV6H9vb1PgxLtHvjqNZTHsUolz+6/WEO0N1xNx2ng==",
      "dev": true
    },
    "loose-envify": {
      "version": "1.3.1",
      "resolved": "https://registry.npmjs.org/loose-envify/-/loose-envify-1.3.1.tgz",
      "integrity": "sha1-0aitM/qc4OcT1l/dCsi3SNR4yEg=",
      "requires": {
        "js-tokens": "3.0.2"
      }
    },
    "nearley": {
      "version": "2.13.0",
      "resolved": "https://registry.npmjs.org/nearley/-/nearley-2.13.0.tgz",
      "integrity": "sha512-ioYYogSaZhFlCpRizQgY3UT3G1qFXmHGY/5ozoFE3dMfiCRAeJfh+IPE3/eh9gCZvqLhPCWb4bLt7Bqzo+1mLQ==",
      "dev": true,
      "requires": {
        "nomnom": "1.6.2",
        "railroad-diagrams": "1.0.0",
        "randexp": "0.4.6",
        "semver": "5.5.0"
      }
    },
    "nise": {
      "version": "1.3.0",
      "resolved": "https://registry.npmjs.org/nise/-/nise-1.3.0.tgz",
      "integrity": "sha512-U+Krdzhsw4losPP/Rij5UGTLQgS9gaWmXdRIbZQIQWVsUGDBo+N0m9mrY9CCEnmwssgswwydxLJUZtFfouC0gA==",
      "dev": true,
      "requires": {
        "@sinonjs/formatio": "2.0.0",
        "just-extend": "1.1.27",
        "lolex": "2.3.2",
        "path-to-regexp": "1.7.0",
        "text-encoding": "0.6.4"
      }
    },
    "node-fetch": {
      "version": "1.7.3",
      "resolved": "https://registry.npmjs.org/node-fetch/-/node-fetch-1.7.3.tgz",
      "integrity": "sha512-NhZ4CsKx7cYm2vSrBAr2PvFOe6sWDf0UYLRqA6svUYg7+/TSfVAu49jYC4BvQ4Sms9SZgdqGBgroqfDhJdTyKQ==",
      "requires": {
        "encoding": "0.1.12",
        "is-stream": "1.1.0"
      }
    },
    "nomnom": {
      "version": "1.6.2",
      "resolved": "https://registry.npmjs.org/nomnom/-/nomnom-1.6.2.tgz",
      "integrity": "sha1-hKZqJgF0QI/Ft3oY+IjszET7aXE=",
      "dev": true,
      "requires": {
        "colors": "0.5.1",
        "underscore": "1.4.4"
      }
    },
    "nth-check": {
      "version": "1.0.1",
      "resolved": "https://registry.npmjs.org/nth-check/-/nth-check-1.0.1.tgz",
      "integrity": "sha1-mSms32KPwsQQmN6rgqxYDPFJquQ=",
      "dev": true,
      "requires": {
        "boolbase": "1.0.0"
      }
    },
    "object-assign": {
      "version": "4.1.1",
      "resolved": "https://registry.npmjs.org/object-assign/-/object-assign-4.1.1.tgz",
      "integrity": "sha1-IQmtx5ZYh8/AXLvUQsrIv7s2CGM="
    },
    "object-inspect": {
      "version": "1.5.0",
      "resolved": "https://registry.npmjs.org/object-inspect/-/object-inspect-1.5.0.tgz",
      "integrity": "sha512-UmOFbHbwvv+XHj7BerrhVq+knjceBdkvU5AriwLMvhv2qi+e7DJzxfBeFpILEjVzCp+xA+W/pIf06RGPWlZNfw==",
      "dev": true
    },
    "object-is": {
      "version": "1.0.1",
      "resolved": "https://registry.npmjs.org/object-is/-/object-is-1.0.1.tgz",
      "integrity": "sha1-CqYOyZiaCz7Xlc9NBvYs8a1lObY=",
      "dev": true
    },
    "object-keys": {
      "version": "1.0.11",
      "resolved": "https://registry.npmjs.org/object-keys/-/object-keys-1.0.11.tgz",
      "integrity": "sha1-xUYBd4rVYPEULODgG8yotW0TQm0=",
      "dev": true
    },
    "object.assign": {
      "version": "4.1.0",
      "resolved": "https://registry.npmjs.org/object.assign/-/object.assign-4.1.0.tgz",
      "integrity": "sha512-exHJeq6kBKj58mqGyTQ9DFvrZC/eR6OwxzoM9YRoGBqrXYonaFyGiFMuc9VZrXf7DarreEwMpurG3dd+CNyW5w==",
      "dev": true,
      "requires": {
        "define-properties": "1.1.2",
        "function-bind": "1.1.1",
        "has-symbols": "1.0.0",
        "object-keys": "1.0.11"
      }
    },
    "object.entries": {
      "version": "1.0.4",
      "resolved": "https://registry.npmjs.org/object.entries/-/object.entries-1.0.4.tgz",
      "integrity": "sha1-G/mk3SKI9bM/Opk9JXZh8F0WGl8=",
      "dev": true,
      "requires": {
        "define-properties": "1.1.2",
        "es-abstract": "1.10.0",
        "function-bind": "1.1.1",
        "has": "1.0.1"
      }
    },
    "object.values": {
      "version": "1.0.4",
      "resolved": "https://registry.npmjs.org/object.values/-/object.values-1.0.4.tgz",
      "integrity": "sha1-5STaCbT2b/Bd9FdUbscqyZ8TBpo=",
      "dev": true,
      "requires": {
        "define-properties": "1.1.2",
        "es-abstract": "1.10.0",
        "function-bind": "1.1.1",
        "has": "1.0.1"
      }
    },
    "parse5": {
      "version": "3.0.3",
      "resolved": "https://registry.npmjs.org/parse5/-/parse5-3.0.3.tgz",
      "integrity": "sha512-rgO9Zg5LLLkfJF9E6CCmXlSE4UVceloys8JrFqCcHloC3usd/kJCyPDwH2SOlzix2j3xaP9sUX3e8+kvkuleAA==",
      "dev": true,
      "requires": {
        "@types/node": "9.4.6"
      }
    },
    "path-to-regexp": {
      "version": "1.7.0",
      "resolved": "https://registry.npmjs.org/path-to-regexp/-/path-to-regexp-1.7.0.tgz",
      "integrity": "sha1-Wf3g9DW62suhA6hOnTvGTpa5k30=",
      "dev": true,
      "requires": {
        "isarray": "0.0.1"
      },
      "dependencies": {
        "isarray": {
          "version": "0.0.1",
          "resolved": "https://registry.npmjs.org/isarray/-/isarray-0.0.1.tgz",
          "integrity": "sha1-ihis/Kmo9Bd+Cav8YDiTmwXR7t8=",
          "dev": true
        }
      }
    },
    "performance-now": {
      "version": "2.1.0",
      "resolved": "https://registry.npmjs.org/performance-now/-/performance-now-2.1.0.tgz",
      "integrity": "sha1-Ywn04OX6kT7BxpMHrjZLSzd8nns=",
      "dev": true
    },
    "process-nextick-args": {
      "version": "2.0.0",
      "resolved": "https://registry.npmjs.org/process-nextick-args/-/process-nextick-args-2.0.0.tgz",
      "integrity": "sha512-MtEC1TqN0EU5nephaJ4rAtThHtC86dNN9qCuEhtshvpVBkAW5ZO7BASN9REnF9eoXGcRub+pFuKEpOHE+HbEMw==",
      "dev": true
    },
    "promise": {
      "version": "7.3.1",
      "resolved": "https://registry.npmjs.org/promise/-/promise-7.3.1.tgz",
      "integrity": "sha512-nolQXZ/4L+bP/UGlkfaIujX9BKxGwmQ9OT4mOt5yvy8iK1h3wqTEJCijzGANTCCl9nWjY41juyAn2K3Q1hLLTg==",
      "requires": {
        "asap": "2.0.6"
      }
    },
    "prop-types": {
      "version": "15.6.1",
      "resolved": "https://registry.npmjs.org/prop-types/-/prop-types-15.6.1.tgz",
      "integrity": "sha512-4ec7bY1Y66LymSUOH/zARVYObB23AT2h8cf6e/O6ZALB/N0sqZFEx7rq6EYPX2MkOdKORuooI/H5k9TlR4q7kQ==",
      "requires": {
        "fbjs": "0.8.16",
        "loose-envify": "1.3.1",
        "object-assign": "4.1.1"
      }
    },
    "prop-types-extra": {
      "version": "1.0.1",
      "resolved": "https://registry.npmjs.org/prop-types-extra/-/prop-types-extra-1.0.1.tgz",
      "integrity": "sha1-pXvUgQ6C0no/9DF+zBtK0AX3moI=",
      "requires": {
        "warning": "3.0.0"
      }
    },
    "raf": {
      "version": "3.4.0",
      "resolved": "https://registry.npmjs.org/raf/-/raf-3.4.0.tgz",
      "integrity": "sha512-pDP/NMRAXoTfrhCfyfSEwJAKLaxBU9eApMeBPB1TkDouZmvPerIClV8lTAd+uF8ZiTaVl69e1FCxQrAd/VTjGw==",
      "dev": true,
      "requires": {
        "performance-now": "2.1.0"
      }
    },
    "railroad-diagrams": {
      "version": "1.0.0",
      "resolved": "https://registry.npmjs.org/railroad-diagrams/-/railroad-diagrams-1.0.0.tgz",
      "integrity": "sha1-635iZ1SN3t+4mcG5Dlc3RVnN234=",
      "dev": true
    },
    "randexp": {
      "version": "0.4.6",
      "resolved": "https://registry.npmjs.org/randexp/-/randexp-0.4.6.tgz",
      "integrity": "sha512-80WNmd9DA0tmZrw9qQa62GPPWfuXJknrmVmLcxvq4uZBdYqb1wYoKTmnlGUchvVWe0XiLupYkBoXVOxz3C8DYQ==",
      "dev": true,
      "requires": {
        "discontinuous-range": "1.0.0",
        "ret": "0.1.15"
      }
    },
    "react-bootstrap": {
      "version": "0.32.1",
      "resolved": "https://registry.npmjs.org/react-bootstrap/-/react-bootstrap-0.32.1.tgz",
      "integrity": "sha512-RbfzKUbsukWsToWqGHfCCyMFq9QQI0TznutdyxyJw6dih2NvIne25Mrssg8LZsprqtPpyQi8bN0L0Fx3fUsL8Q==",
      "requires": {
        "babel-runtime": "6.26.0",
        "classnames": "2.2.5",
        "dom-helpers": "3.3.1",
        "invariant": "2.2.3",
        "keycode": "2.1.9",
        "prop-types": "15.6.1",
        "prop-types-extra": "1.0.1",
        "react-overlays": "0.8.3",
        "react-prop-types": "0.4.0",
        "react-transition-group": "2.2.1",
        "uncontrollable": "4.1.0",
        "warning": "3.0.0"
      }
    },
    "react-overlays": {
      "version": "0.8.3",
      "resolved": "https://registry.npmjs.org/react-overlays/-/react-overlays-0.8.3.tgz",
      "integrity": "sha512-h6GT3jgy90PgctleP39Yu3eK1v9vaJAW73GOA/UbN9dJ7aAN4BTZD6793eI1D5U+ukMk17qiqN/wl3diK1Z5LA==",
      "requires": {
        "classnames": "2.2.5",
        "dom-helpers": "3.3.1",
        "prop-types": "15.6.1",
        "prop-types-extra": "1.0.1",
        "react-transition-group": "2.2.1",
        "warning": "3.0.0"
      }
    },
    "react-prop-types": {
      "version": "0.4.0",
      "resolved": "https://registry.npmjs.org/react-prop-types/-/react-prop-types-0.4.0.tgz",
      "integrity": "sha1-+ZsL+0AGkpya8gUefBQUpcdbk9A=",
      "requires": {
        "warning": "3.0.0"
      }
    },
    "react-reconciler": {
      "version": "0.7.0",
      "resolved": "https://registry.npmjs.org/react-reconciler/-/react-reconciler-0.7.0.tgz",
      "integrity": "sha512-50JwZ3yNyMS8fchN+jjWEJOH3Oze7UmhxeoJLn2j6f3NjpfCRbcmih83XTWmzqtar/ivd5f7tvQhvvhism2fgg==",
      "dev": true,
      "requires": {
        "fbjs": "0.8.16",
        "loose-envify": "1.3.1",
        "object-assign": "4.1.1",
        "prop-types": "15.6.1"
      }
    },
    "react-test-renderer": {
      "version": "16.2.0",
      "resolved": "https://registry.npmjs.org/react-test-renderer/-/react-test-renderer-16.2.0.tgz",
      "integrity": "sha512-Kd4gJFtpNziR9ElOE/C23LeflKLZPRpNQYWP3nQBY43SJ5a+xyEGSeMrm2zxNKXcnCbBS/q1UpD9gqd5Dv+rew==",
      "dev": true,
      "requires": {
        "fbjs": "0.8.16",
        "object-assign": "4.1.1",
        "prop-types": "15.6.1"
      }
    },
    "react-transition-group": {
      "version": "2.2.1",
      "resolved": "https://registry.npmjs.org/react-transition-group/-/react-transition-group-2.2.1.tgz",
      "integrity": "sha512-q54UBM22bs/CekG8r3+vi9TugSqh0t7qcEVycaRc9M0p0aCEu+h6rp/RFiW7fHfgd1IKpd9oILFTl5QK+FpiPA==",
      "requires": {
        "chain-function": "1.0.0",
        "classnames": "2.2.5",
        "dom-helpers": "3.3.1",
        "loose-envify": "1.3.1",
        "prop-types": "15.6.1",
        "warning": "3.0.0"
      }
    },
    "readable-stream": {
      "version": "2.3.5",
      "resolved": "https://registry.npmjs.org/readable-stream/-/readable-stream-2.3.5.tgz",
      "integrity": "sha512-tK0yDhrkygt/knjowCUiWP9YdV7c5R+8cR0r/kt9ZhBU906Fs6RpQJCEilamRJj1Nx2rWI6LkW9gKqjTkshhEw==",
      "dev": true,
      "requires": {
        "core-util-is": "1.0.2",
        "inherits": "2.0.3",
        "isarray": "1.0.0",
        "process-nextick-args": "2.0.0",
        "safe-buffer": "5.1.1",
        "string_decoder": "1.0.3",
        "util-deprecate": "1.0.2"
      }
    },
    "regenerator-runtime": {
      "version": "0.11.1",
      "resolved": "https://registry.npmjs.org/regenerator-runtime/-/regenerator-runtime-0.11.1.tgz",
      "integrity": "sha512-MguG95oij0fC3QV3URf4V2SDYGJhJnJGqvIIgdECeODCT98wSWDAJ94SSuVpYQUoTcGUIL6L4yNB7j1DFFHSBg=="
    },
    "ret": {
      "version": "0.1.15",
      "resolved": "https://registry.npmjs.org/ret/-/ret-0.1.15.tgz",
      "integrity": "sha512-TTlYpa+OL+vMMNG24xSlQGEJ3B/RzEfUlLct7b5G/ytav+wPrplCpVMFuwzXbkecJrb6IYo1iFb0S9v37754mg==",
      "dev": true
    },
    "rst-selector-parser": {
      "version": "2.2.3",
      "resolved": "https://registry.npmjs.org/rst-selector-parser/-/rst-selector-parser-2.2.3.tgz",
      "integrity": "sha1-gbIw6i/MYGbInjRy3nlChdmwPZE=",
      "dev": true,
      "requires": {
        "lodash.flattendeep": "4.4.0",
        "nearley": "2.13.0"
      }
    },
    "safe-buffer": {
      "version": "5.1.1",
      "resolved": "https://registry.npmjs.org/safe-buffer/-/safe-buffer-5.1.1.tgz",
      "integrity": "sha512-kKvNJn6Mm93gAczWVJg7wH+wGYWNrDHdWvpUmHyEsgCtIwwo3bqPtV4tR5tuPaUhTOo/kvhVwd8XwwOllGYkbg==",
      "dev": true
    },
    "samsam": {
      "version": "1.3.0",
      "resolved": "https://registry.npmjs.org/samsam/-/samsam-1.3.0.tgz",
      "integrity": "sha512-1HwIYD/8UlOtFS3QO3w7ey+SdSDFE4HRNLZoZRYVQefrOY3l17epswImeB1ijgJFQJodIaHcwkp3r/myBjFVbg==",
      "dev": true
    },
    "semver": {
      "version": "5.5.0",
      "resolved": "https://registry.npmjs.org/semver/-/semver-5.5.0.tgz",
      "integrity": "sha512-4SJ3dm0WAwWy/NVeioZh5AntkdJoWKxHxcmyP622fOkgHa4z3R0TdBJICINyaSDE6uNwVc8gZr+ZinwZAH4xIA==",
      "dev": true
    },
    "setimmediate": {
      "version": "1.0.5",
      "resolved": "https://registry.npmjs.org/setimmediate/-/setimmediate-1.0.5.tgz",
      "integrity": "sha1-KQy7Iy4waULX1+qbg3Mqt4VvgoU="
    },
    "sinon": {
      "version": "4.4.2",
      "resolved": "https://registry.npmjs.org/sinon/-/sinon-4.4.2.tgz",
      "integrity": "sha512-cpOHpnRyY3Dk9dTHBYMfVBB0HUCSKIpxW07X6OGW2NiYPovs4AkcL8Q8MzecbAROjbfRA9esJCmlZgikxDz7DA==",
      "dev": true,
      "requires": {
        "@sinonjs/formatio": "2.0.0",
        "diff": "3.5.0",
        "lodash.get": "4.4.2",
        "lolex": "2.3.2",
        "nise": "1.3.0",
        "supports-color": "5.3.0",
        "type-detect": "4.0.8"
      }
    },
    "string_decoder": {
      "version": "1.0.3",
      "resolved": "https://registry.npmjs.org/string_decoder/-/string_decoder-1.0.3.tgz",
      "integrity": "sha512-4AH6Z5fzNNBcH+6XDMfA/BTt87skxqJlO0lAh3Dker5zThcAxG6mKz+iGu308UKoPPQ8Dcqx/4JhujzltRa+hQ==",
      "dev": true,
      "requires": {
        "safe-buffer": "5.1.1"
      }
    },
    "supports-color": {
      "version": "5.3.0",
      "resolved": "https://registry.npmjs.org/supports-color/-/supports-color-5.3.0.tgz",
      "integrity": "sha512-0aP01LLIskjKs3lq52EC0aGBAJhLq7B2Rd8HC/DR/PtNNpcLilNmHC12O+hu0usQpo7wtHNRqtrhBwtDb0+dNg==",
      "dev": true,
      "requires": {
        "has-flag": "3.0.0"
      }
    },
    "text-encoding": {
      "version": "0.6.4",
      "resolved": "https://registry.npmjs.org/text-encoding/-/text-encoding-0.6.4.tgz",
      "integrity": "sha1-45mpgiV6J22uQou5KEXLcb3CbRk=",
      "dev": true
    },
    "type-detect": {
      "version": "4.0.8",
      "resolved": "https://registry.npmjs.org/type-detect/-/type-detect-4.0.8.tgz",
      "integrity": "sha512-0fr/mIH1dlO+x7TlcMy+bIDqKPsw/70tVyeHW787goQjhmqaZe10uwLujubK9q9Lg6Fiho1KUKDYz0Z7k7g5/g==",
      "dev": true
    },
    "ua-parser-js": {
      "version": "0.7.17",
      "resolved": "https://registry.npmjs.org/ua-parser-js/-/ua-parser-js-0.7.17.tgz",
      "integrity": "sha512-uRdSdu1oA1rncCQL7sCj8vSyZkgtL7faaw9Tc9rZ3mGgraQ7+Pdx7w5mnOSF3gw9ZNG6oc+KXfkon3bKuROm0g=="
    },
    "uncontrollable": {
      "version": "4.1.0",
      "resolved": "https://registry.npmjs.org/uncontrollable/-/uncontrollable-4.1.0.tgz",
      "integrity": "sha1-4DWCkSUuGGUiLZCTmxny9J+Bwak=",
      "requires": {
        "invariant": "2.2.3"
      }
    },
    "underscore": {
      "version": "1.4.4",
      "resolved": "https://registry.npmjs.org/underscore/-/underscore-1.4.4.tgz",
      "integrity": "sha1-YaajIBBiKvoHljvzJSA88SI51gQ=",
      "dev": true
    },
    "util-deprecate": {
      "version": "1.0.2",
      "resolved": "https://registry.npmjs.org/util-deprecate/-/util-deprecate-1.0.2.tgz",
      "integrity": "sha1-RQ1Nyfpw3nMnYvvS1KKJgUGaDM8=",
      "dev": true
    },
    "warning": {
      "version": "3.0.0",
      "resolved": "https://registry.npmjs.org/warning/-/warning-3.0.0.tgz",
      "integrity": "sha1-MuU3fLVy3kqwR1O9+IIcAe1gW3w=",
      "requires": {
        "loose-envify": "1.3.1"
      }
    },
    "whatwg-fetch": {
      "version": "2.0.3",
      "resolved": "https://registry.npmjs.org/whatwg-fetch/-/whatwg-fetch-2.0.3.tgz",
      "integrity": "sha1-nITsLc9oGH/wC8ZOEnS0QhduHIQ="
    }
  }
}
