{
  "name": "instagram",
  "version": "0.1.0",
  "lockfileVersion": 1,
  "requires": true,
  "dependencies": {
    "@fortawesome/fontawesome-common-types": {
      "version": "0.2.5",
      "resolved": "https://registry.npmjs.org/@fortawesome/fontawesome-common-types/-/fontawesome-common-types-0.2.5.tgz",
      "integrity": "sha512-hkKASkxINPqAyhYDF9QVtDK02hcleUzGxXnGmFkF/fIJgHaGaI4lVV07OfLsC6KIlgXQfIAAf3PNR2C74HN6xg=="
    },
    "@fortawesome/fontawesome-free": {
      "version": "5.4.0",
      "resolved": "https://registry.npmjs.org/@fortawesome/fontawesome-free/-/fontawesome-free-5.4.0.tgz",
      "integrity": "sha512-yOvY4vhouiTXMNHMlxdgjjC6rdmspQTFCMaRDcxzOK+LP9YfoIccXpOK9boyUgvA1U/pgzHlVZDHrWs6r3sRcA=="
    },
    "@fortawesome/fontawesome-svg-core": {
      "version": "1.2.5",
      "resolved": "https://registry.npmjs.org/@fortawesome/fontawesome-svg-core/-/fontawesome-svg-core-1.2.5.tgz",
      "integrity": "sha512-5q/3JyLg4sxEfk3VxBlBO7Rvl7rLvcEbKrWIGN0Y9xnjkPLIqdP9fgnetjCi3rNzhQjSzTyOgVG0M0I0KabXHw==",
      "requires": {
        "@fortawesome/fontawesome-common-types": "0.2.5"
      }
    },
    "@fortawesome/free-solid-svg-icons": {
      "version": "5.4.0",
      "resolved": "https://registry.npmjs.org/@fortawesome/free-solid-svg-icons/-/free-solid-svg-icons-5.4.0.tgz",
      "integrity": "sha512-+9k7KO8wJbUIa88U2s712r5WAxZuFNb2RTE9AASMMb5VYAWsVGfhLAOkDAkI92RDLjN3Y2NK+2vt8A5uNxCuYQ==",
      "requires": {
        "@fortawesome/fontawesome-common-types": "0.2.5"
      }
    },
    "js-tokens": {
      "version": "4.0.0",
      "resolved": "https://registry.npmjs.org/js-tokens/-/js-tokens-4.0.0.tgz",
      "integrity": "sha512-RdJUflcE3cUzKiMqQgsCu06FPu9UdIJO0beYbPhHN4k6apgJtifcoCtT9bcxOpYBtpD2kCM6Sbzg4CausW/PKQ=="
    },
    "loose-envify": {
      "version": "1.4.0",
      "resolved": "https://registry.npmjs.org/loose-envify/-/loose-envify-1.4.0.tgz",
      "integrity": "sha512-lyuxPGr/Wfhrlem2CL/UcnUc1zcqKAImBDzukY7Y5F/yQiNdko6+fRLevlw1HgMySw7f611UIY408EtxRSoK3Q==",
      "requires": {
        "js-tokens": "4.0.0"
      }
    },
    "object-assign": {
      "version": "4.1.1",
      "resolved": "https://registry.npmjs.org/object-assign/-/object-assign-4.1.1.tgz",
      "integrity": "sha1-IQmtx5ZYh8/AXLvUQsrIv7s2CGM="
    },
    "prop-types": {
      "version": "15.6.2",
      "resolved": "https://registry.npmjs.org/prop-types/-/prop-types-15.6.2.tgz",
      "integrity": "sha512-3pboPvLiWD7dkI3qf3KbUe6hKFKa52w+AE0VCqECtf+QHAKgOL37tTaNCnuX1nAAQ4ZhyP+kYVKf8rLmJ/feDQ==",
      "requires": {
        "loose-envify": "1.4.0",
        "object-assign": "4.1.1"
      }
    },
    "react-fontawesome": {
      "version": "1.6.1",
      "resolved": "https://registry.npmjs.org/react-fontawesome/-/react-fontawesome-1.6.1.tgz",
      "integrity": "sha1-7dzhfn3HMaoJ/UoYZoimF5OhbFw=",
      "requires": {
        "prop-types": "15.6.2"
      },
      "dependencies": {
        "prop-types": {
          "version": "15.6.2",
          "resolved": "https://registry.npmjs.org/prop-types/-/prop-types-15.6.2.tgz",
          "integrity": "sha512-3pboPvLiWD7dkI3qf3KbUe6hKFKa52w+AE0VCqECtf+QHAKgOL37tTaNCnuX1nAAQ4ZhyP+kYVKf8rLmJ/feDQ==",
          "requires": {
            "loose-envify": "1.4.0",
            "object-assign": "4.1.1"
          }
        }
      }
    }
  }
}
